
Microsoft Visual Studio Solution File, Format Version 12.00
# Visual Studio 15
VisualStudioVersion = 15.0.27428.2037
MinimumVisualStudioVersion = 10.0.40219.1
Project("{FAE04EC0-301F-11D3-BF4B-00C04F79EFBC}") = "ProyectoFinal", "ProyectoFinal\ProyectoFinal.csproj", "{3FDAC623-AFC7-4456-9758-FCACD7D9737A}"
EndProject
Global
	GlobalSection(SolutionConfigurationPlatforms) = preSolution
		Debug|Any CPU = Debug|Any CPU
		Release|Any CPU = Release|Any CPU
	EndGlobalSection
	GlobalSection(ProjectConfigurationPlatforms) = postSolution
		{3FDAC623-AFC7-4456-9758-FCACD7D9737A}.Debug|Any CPU.ActiveCfg = Debug|Any CPU
		{3FDAC623-AFC7-4456-9758-FCACD7D9737A}.Debug|Any CPU.Build.0 = Debug|Any CPU
		{3FDAC623-AFC7-4456-9758-FCACD7D9737A}.Release|Any CPU.ActiveCfg = Release|Any CPU
		{3FDAC623-AFC7-4456-9758-FCACD7D9737A}.Release|Any CPU.Build.0 = Release|Any CPU
	EndGlobalSection
	GlobalSection(SolutionProperties) = preSolution
		HideSolutionNode = FALSE
	EndGlobalSection
	GlobalSection(ExtensibilityGlobals) = postSolution
		SolutionGuid = {3293A9F2-5088-4118-9AE2-A701B5761E81}
	EndGlobalSection
EndGlobal
